
Microsoft Visual Studio Solution File, Format Version 12.00
# Visual Studio Version 17
VisualStudioVersion = 17.5.33530.505
MinimumVisualStudioVersion = 10.0.40219.1
Project("{FAE04EC0-301F-11D3-BF4B-00C04F79EFBC}") = "CapaPrincipal", "CapaPrincipal\CapaPrincipal.csproj", "{C57D0B35-601B-4A02-9B40-47F3F00E54E4}"
EndProject
Project("{FAE04EC0-301F-11D3-BF4B-00C04F79EFBC}") = "CapaModelo", "CapaModels\CapaModelo.csproj", "{5DD50EB1-55A6-4A2A-B993-67E0C4C2CC28}"
EndProject
Project("{FAE04EC0-301F-11D3-BF4B-00C04F79EFBC}") = "CapaDatos", "CapaDatos\CapaDatos.csproj", "{C7496816-08E0-4F9F-AE6D-2B6C8201EEF9}"
EndProject
Project("{FAE04EC0-301F-11D3-BF4B-00C04F79EFBC}") = "CapaServicio", "CapaServicio\CapaServicio.csproj", "{4B3532ED-2352-468A-8856-31B815176F54}"
EndProject
Global
	GlobalSection(SolutionConfigurationPlatforms) = preSolution
		Debug|Any CPU = Debug|Any CPU
		Release|Any CPU = Release|Any CPU
	EndGlobalSection
	GlobalSection(ProjectConfigurationPlatforms) = postSolution
		{C57D0B35-601B-4A02-9B40-47F3F00E54E4}.Debug|Any CPU.ActiveCfg = Debug|Any CPU
		{C57D0B35-601B-4A02-9B40-47F3F00E54E4}.Debug|Any CPU.Build.0 = Debug|Any CPU
		{C57D0B35-601B-4A02-9B40-47F3F00E54E4}.Release|Any CPU.ActiveCfg = Release|Any CPU
		{C57D0B35-601B-4A02-9B40-47F3F00E54E4}.Release|Any CPU.Build.0 = Release|Any CPU
		{5DD50EB1-55A6-4A2A-B993-67E0C4C2CC28}.Debug|Any CPU.ActiveCfg = Debug|Any CPU
		{5DD50EB1-55A6-4A2A-B993-67E0C4C2CC28}.Debug|Any CPU.Build.0 = Debug|Any CPU
		{5DD50EB1-55A6-4A2A-B993-67E0C4C2CC28}.Release|Any CPU.ActiveCfg = Release|Any CPU
		{5DD50EB1-55A6-4A2A-B993-67E0C4C2CC28}.Release|Any CPU.Build.0 = Release|Any CPU
		{C7496816-08E0-4F9F-AE6D-2B6C8201EEF9}.Debug|Any CPU.ActiveCfg = Debug|Any CPU
		{C7496816-08E0-4F9F-AE6D-2B6C8201EEF9}.Debug|Any CPU.Build.0 = Debug|Any CPU
		{C7496816-08E0-4F9F-AE6D-2B6C8201EEF9}.Release|Any CPU.ActiveCfg = Release|Any CPU
		{C7496816-08E0-4F9F-AE6D-2B6C8201EEF9}.Release|Any CPU.Build.0 = Release|Any CPU
		{4B3532ED-2352-468A-8856-31B815176F54}.Debug|Any CPU.ActiveCfg = Debug|Any CPU
		{4B3532ED-2352-468A-8856-31B815176F54}.Debug|Any CPU.Build.0 = Debug|Any CPU
		{4B3532ED-2352-468A-8856-31B815176F54}.Release|Any CPU.ActiveCfg = Release|Any CPU
		{4B3532ED-2352-468A-8856-31B815176F54}.Release|Any CPU.Build.0 = Release|Any CPU
	EndGlobalSection
	GlobalSection(SolutionProperties) = preSolution
		HideSolutionNode = FALSE
	EndGlobalSection
	GlobalSection(ExtensibilityGlobals) = postSolution
		SolutionGuid = {E8EBA053-9443-44DA-86C9-A0FFC8329015}
	EndGlobalSection
EndGlobal
